
Microsoft Visual Studio Solution File, Format Version 12.00
# Visual Studio Version 16
VisualStudioVersion = 16.0.30523.141
MinimumVisualStudioVersion = 10.0.40219.1
Project("{FAE04EC0-301F-11D3-BF4B-00C04F79EFBC}") = "TemperatureTool", "TemperatureTool.csproj", "{A9CF91C6-619F-45CA-B114-85CFA28C0685}"
EndProject
Project("{54435603-DBB4-11D2-8724-00A0C9A8B90C}") = "SetupWatashinoAdminTool", "SetupWatashinoAdminTool\SetupWatashinoAdminTool.vdproj", "{9E9EF04D-BF2D-4C29-81FD-2F046704718A}"
EndProject
Global
	GlobalSection(SolutionConfigurationPlatforms) = preSolution
		Debug|Any CPU = Debug|Any CPU
		Release|Any CPU = Release|Any CPU
	EndGlobalSection
	GlobalSection(ProjectConfigurationPlatforms) = postSolution
		{A9CF91C6-619F-45CA-B114-85CFA28C0685}.Debug|Any CPU.ActiveCfg = Debug|Any CPU
		{A9CF91C6-619F-45CA-B114-85CFA28C0685}.Debug|Any CPU.Build.0 = Debug|Any CPU
		{A9CF91C6-619F-45CA-B114-85CFA28C0685}.Release|Any CPU.ActiveCfg = Release|Any CPU
		{A9CF91C6-619F-45CA-B114-85CFA28C0685}.Release|Any CPU.Build.0 = Release|Any CPU
		{9E9EF04D-BF2D-4C29-81FD-2F046704718A}.Debug|Any CPU.ActiveCfg = Debug
		{9E9EF04D-BF2D-4C29-81FD-2F046704718A}.Debug|Any CPU.Build.0 = Debug
		{9E9EF04D-BF2D-4C29-81FD-2F046704718A}.Release|Any CPU.ActiveCfg = Release
		{9E9EF04D-BF2D-4C29-81FD-2F046704718A}.Release|Any CPU.Build.0 = Release
	EndGlobalSection
	GlobalSection(SolutionProperties) = preSolution
		HideSolutionNode = FALSE
	EndGlobalSection
	GlobalSection(ExtensibilityGlobals) = postSolution
		SolutionGuid = {BD343B58-FF73-4B07-A0B0-A0C5A70DC36E}
	EndGlobalSection
EndGlobal
